// !$*UTF8*$!
{
	archiveVersion = 1;
	classes = {
	};
	objectVersion = 46;
	objects = {

/* Begin PBXBuildFile section */
		5EF532851F70B149009EDA41 /* AppDelegate.swift in Sources */ = {isa = PBXBuildFile; fileRef = 5EF532841F70B149009EDA41 /* AppDelegate.swift */; };
		5EF532871F70B149009EDA41 /* StudentViewController.swift in Sources */ = {isa = PBXBuildFile; fileRef = 5EF532861F70B149009EDA41 /* StudentViewController.swift */; };
		5EF5328A1F70B149009EDA41 /* Main.storyboard in Resources */ = {isa = PBXBuildFile; fileRef = 5EF532881F70B149009EDA41 /* Main.storyboard */; };
		5EF5328C1F70B149009EDA41 /* Assets.xcassets in Resources */ = {isa = PBXBuildFile; fileRef = 5EF5328B1F70B149009EDA41 /* Assets.xcassets */; };
		5EF5328F1F70B149009EDA41 /* LaunchScreen.storyboard in Resources */ = {isa = PBXBuildFile; fileRef = 5EF5328D1F70B149009EDA41 /* LaunchScreen.storyboard */; };
		5EF532971F70B1C6009EDA41 /* Student.swift in Sources */ = {isa = PBXBuildFile; fileRef = 5EF532961F70B1C6009EDA41 /* Student.swift */; };
		5EF532991F70B2EB009EDA41 /* DetailViewController.swift in Sources */ = {isa = PBXBuildFile; fileRef = 5EF532981F70B2EB009EDA41 /* DetailViewController.swift */; };
/* End PBXBuildFile section */

/* Begin PBXFileReference section */
		5EF532811F70B149009EDA41 /* StudentTableView.app */ = {isa = PBXFileReference; explicitFileType = wrapper.application; includeInIndex = 0; path = StudentTableView.app; sourceTree = BUILT_PRODUCTS_DIR; };
		5EF532841F70B149009EDA41 /* AppDelegate.swift */ = {isa = PBXFileReference; lastKnownFileType = sourcecode.swift; path = AppDelegate.swift; sourceTree = "<group>"; };
		5EF532861F70B149009EDA41 /* StudentViewController.swift */ = {isa = PBXFileReference; lastKnownFileType = sourcecode.swift; path = StudentViewController.swift; sourceTree = "<group>"; };
		5EF532891F70B149009EDA41 /* Base */ = {isa = PBXFileReference; lastKnownFileType = file.storyboard; name = Base; path = Base.lproj/Main.storyboard; sourceTree = "<group>"; };
		5EF5328B1F70B149009EDA41 /* Assets.xcassets */ = {isa = PBXFileReference; lastKnownFileType = folder.assetcatalog; path = Assets.xcassets; sourceTree = "<group>"; };
		5EF5328E1F70B149009EDA41 /* Base */ = {isa = PBXFileReference; lastKnownFileType = file.storyboard; name = Base; path = Base.lproj/LaunchScreen.storyboard; sourceTree = "<group>"; };
		5EF532901F70B149009EDA41 /* Info.plist */ = {isa = PBXFileReference; lastKnownFileType = text.plist.xml; path = Info.plist; sourceTree = "<group>"; };
		5EF532961F70B1C6009EDA41 /* Student.swift */ = {isa = PBXFileReference; fileEncoding = 4; lastKnownFileType = sourcecode.swift; path = Student.swift; sourceTree = "<group>"; };
		5EF532981F70B2EB009EDA41 /* DetailViewController.swift */ = {isa = PBXFileReference; fileEncoding = 4; lastKnownFileType = sourcecode.swift; path = DetailViewController.swift; sourceTree = "<group>"; };
/* End PBXFileReference section */

/* Begin PBXFrameworksBuildPhase section */
		5EF5327E1F70B149009EDA41 /* Frameworks */ = {
			isa = PBXFrameworksBuildPhase;
			buildActionMask = 2147483647;
			files = (
			);
			runOnlyForDeploymentPostprocessing = 0;
		};
/* End PBXFrameworksBuildPhase section */

/* Begin PBXGroup section */
		5EF532781F70B149009EDA41 = {
			isa = PBXGroup;
			children = (
				5EF532831F70B149009EDA41 /* StudentTableView */,
				5EF532821F70B149009EDA41 /* Products */,
			);
			sourceTree = "<group>";
		};
		5EF532821F70B149009EDA41 /* Products */ = {
			isa = PBXGroup;
			children = (
				5EF532811F70B149009EDA41 /* StudentTableView.app */,
			);
			name = Products;
			sourceTree = "<group>";
		};
		5EF532831F70B149009EDA41 /* StudentTableView */ = {
			isa = PBXGroup;
			children = (
				5EF532841F70B149009EDA41 /* AppDelegate.swift */,
				5EF532861F70B149009EDA41 /* StudentViewController.swift */,
				5EF532981F70B2EB009EDA41 /* DetailViewController.swift */,
				5EF532881F70B149009EDA41 /* Main.storyboard */,
				5EF532961F70B1C6009EDA41 /* Student.swift */,
				5EF5328B1F70B149009EDA41 /* Assets.xcassets */,
				5EF5328D1F70B149009EDA41 /* LaunchScreen.storyboard */,
				5EF532901F70B149009EDA41 /* Info.plist */,
			);
			path = StudentTableView;
			sourceTree = "<group>";
		};
/* End PBXGroup section */

/* Begin PBXNativeTarget section */
		5EF532801F70B149009EDA41 /* StudentTableView */ = {
			isa = PBXNativeTarget;
			buildConfigurationList = 5EF532931F70B149009EDA41 /* Build configuration list for PBXNativeTarget "StudentTableView" */;
			buildPhases = (
				5EF5327D1F70B149009EDA41 /* Sources */,
				5EF5327E1F70B149009EDA41 /* Frameworks */,
				5EF5327F1F70B149009EDA41 /* Resources */,
			);
			buildRules = (
			);
			dependencies = (
			);
			name = StudentTableView;
			productName = StudentTableView;
			productReference = 5EF532811F70B149009EDA41 /* StudentTableView.app */;
			productType = "com.apple.product-type.application";
		};
/* End PBXNativeTarget section */

/* Begin PBXProject section */
		5EF532791F70B149009EDA41 /* Project object */ = {
			isa = PBXProject;
			attributes = {
				LastSwiftUpdateCheck = 0830;
				LastUpgradeCheck = 0830;
				ORGANIZATIONNAME = "Sang Tran";
				TargetAttributes = {
					5EF532801F70B149009EDA41 = {
						CreatedOnToolsVersion = 8.3.3;
						ProvisioningStyle = Automatic;
					};
				};
			};
			buildConfigurationList = 5EF5327C1F70B149009EDA41 /* Build configuration list for PBXProject "StudentTableView" */;
			compatibilityVersion = "Xcode 3.2";
			developmentRegion = English;
			hasScannedForEncodings = 0;
			knownRegions = (
				en,
				Base,
			);
			mainGroup = 5EF532781F70B149009EDA41;
			productRefGroup = 5EF532821F70B149009EDA41 /* Products */;
			projectDirPath = "";
			projectRoot = "";
			targets = (
				5EF532801F70B149009EDA41 /* StudentTableView */,
			);
		};
/* End PBXProject section */

/* Begin PBXResourcesBuildPhase section */
		5EF5327F1F70B149009EDA41 /* Resources */ = {
			isa = PBXResourcesBuildPhase;
			buildActionMask = 2147483647;
			files = (
				5EF5328F1F70B149009EDA41 /* LaunchScreen.storyboard in Resources */,
				5EF5328C1F70B149009EDA41 /* Assets.xcassets in Resources */,
				5EF5328A1F70B149009EDA41 /* Main.storyboard in Resources */,
			);
			runOnlyForDeploymentPostprocessing = 0;
		};
/* End PBXResourcesBuildPhase section */

/* Begin PBXSourcesBuildPhase section */
		5EF5327D1F70B149009EDA41 /* Sources */ = {
			isa = PBXSourcesBuildPhase;
			buildActionMask = 2147483647;
			files = (
				5EF532871F70B149009EDA41 /* StudentViewController.swift in Sources */,
				5EF532971F70B1C6009EDA41 /* Student.swift in Sources */,
				5EF532851F70B149009EDA41 /* AppDelegate.swift in Sources */,
				5EF532991F70B2EB009EDA41 /* DetailViewController.swift in Sources */,
			);
			runOnlyForDeploymentPostprocessing = 0;
		};
/* End PBXSourcesBuildPhase section */

/* Begin PBXVariantGroup section */
		5EF532881F70B149009EDA41 /* Main.storyboard */ = {
			isa = PBXVariantGroup;
			children = (
				5EF532891F70B149009EDA41 /* Base */,
			);
			name = Main.storyboard;
			sourceTree = "<group>";
		};
		5EF5328D1F70B149009EDA41 /* LaunchScreen.storyboard */ = {
			isa = PBXVariantGroup;
			children = (
				5EF5328E1F70B149009EDA41 /* Base */,
			);
			name = LaunchScreen.storyboard;
			sourceTree = "<group>";
		};
/* End PBXVariantGroup section */

/* Begin XCBuildConfiguration section */
		5EF532911F70B149009EDA41 /* Debug */ = {
			isa = XCBuildConfiguration;
			buildSettings = {
				ALWAYS_SEARCH_USER_PATHS = NO;
				CLANG_ANALYZER_NONNULL = YES;
				CLANG_ANALYZER_NUMBER_OBJECT_CONVERSION = YES_AGGRESSIVE;
				CLANG_CXX_LANGUAGE_STANDARD = "gnu++0x";
				CLANG_CXX_LIBRARY = "libc++";
				CLANG_ENABLE_MODULES = YES;
				CLANG_ENABLE_OBJC_ARC = YES;
				CLANG_WARN_BOOL_CONVERSION = YES;
				CLANG_WARN_CONSTANT_CONVERSION = YES;
				CLANG_WARN_DIRECT_OBJC_ISA_USAGE = YES_ERROR;
				CLANG_WARN_DOCUMENTATION_COMMENTS = YES;
				CLANG_WARN_EMPTY_BODY = YES;
				CLANG_WARN_ENUM_CONVERSION = YES;
				CLANG_WARN_INFINITE_RECURSION = YES;
				CLANG_WARN_INT_CONVERSION = YES;
				CLANG_WARN_OBJC_ROOT_CLASS = YES_ERROR;
				CLANG_WARN_SUSPICIOUS_MOVE = YES;
				CLANG_WARN_UNREACHABLE_CODE = YES;
				CLANG_WARN__DUPLICATE_METHOD_MATCH = YES;
				"CODE_SIGN_IDENTITY[sdk=iphoneos*]" = "iPhone Developer";
				COPY_PHASE_STRIP = NO;
				DEBUG_INFORMATION_FORMAT = dwarf;
				ENABLE_STRICT_OBJC_MSGSEND = YES;
				ENABLE_TESTABILITY = YES;
				GCC_C_LANGUAGE_STANDARD = gnu99;
				GCC_DYNAMIC_NO_PIC = NO;
				GCC_NO_COMMON_BLOCKS = YES;
				GCC_OPTIMIZATION_LEVEL = 0;
				GCC_PREPROCESSOR_DEFINITIONS = (
					"DEBUG=1",
					"$(inherited)",
				);
				GCC_WARN_64_TO_32_BIT_CONVERSION = YES;
				GCC_WARN_ABOUT_RETURN_TYPE = YES_ERROR;
				GCC_WARN_UNDECLARED_SELECTOR = YES;
				GCC_WARN_UNINITIALIZED_AUTOS = YES_AGGRESSIVE;
				GCC_WARN_UNUSED_FUNCTION = YES;
				GCC_WARN_UNUSED_VARIABLE = YES;
				IPHONEOS_DEPLOYMENT_TARGET = 10.3;
				MTL_ENABLE_DEBUG_INFO = YES;
				ONLY_ACTIVE_ARCH = YES;
				SDKROOT = iphoneos;
				SWIFT_ACTIVE_COMPILATION_CONDITIONS = DEBUG;
				SWIFT_OPTIMIZATION_LEVEL = "-Onone";
				TARGETED_DEVICE_FAMILY = "1,2";
			};
			name = Debug;
		};
		5EF532921F70B149009EDA41 /* Release */ = {
			isa = XCBuildConfiguration;
			buildSettings = {
				ALWAYS_SEARCH_USER_PATHS = NO;
				CLANG_ANALYZER_NONNULL = YES;
				CLANG_ANALYZER_NUMBER_OBJECT_CONVERSION = YES_AGGRESSIVE;
				CLANG_CXX_LANGUAGE_STANDARD = "gnu++0x";
				CLANG_CXX_LIBRARY = "libc++";
				CLANG_ENABLE_MODULES = YES;
				CLANG_ENABLE_OBJC_ARC = YES;
				CLANG_WARN_BOOL_CONVERSION = YES;
				CLANG_WARN_CONSTANT_CONVERSION = YES;
				CLANG_WARN_DIRECT_OBJC_ISA_USAGE = YES_ERROR;
				CLANG_WARN_DOCUMENTATION_COMMENTS = YES;
				CLANG_WARN_EMPTY_BODY = YES;
				CLANG_WARN_ENUM_CONVERSION = YES;
				CLANG_WARN_INFINITE_RECURSION = YES;
				CLANG_WARN_INT_CONVERSION = YES;
				CLANG_WARN_OBJC_ROOT_CLASS = YES_ERROR;
				CLANG_WARN_SUSPICIOUS_MOVE = YES;
				CLANG_WARN_UNREACHABLE_CODE = YES;
				CLANG_WARN__DUPLICATE_METHOD_MATCH = YES;
				"CODE_SIGN_IDENTITY[sdk=iphoneos*]" = "iPhone Developer";
				COPY_PHASE_STRIP = NO;
				DEBUG_INFORMATION_FORMAT = "dwarf-with-dsym";
				ENABLE_NS_ASSERTIONS = NO;
				ENABLE_STRICT_OBJC_MSGSEND = YES;
				GCC_C_LANGUAGE_STANDARD = gnu99;
				GCC_NO_COMMON_BLOCKS = YES;
				GCC_WARN_64_TO_32_BIT_CONVERSION = YES;
				GCC_WARN_ABOUT_RETURN_TYPE = YES_ERROR;
				GCC_WARN_UNDECLARED_SELECTOR = YES;
				GCC_WARN_UNINITIALIZED_AUTOS = YES_AGGRESSIVE;
				GCC_WARN_UNUSED_FUNCTION = YES;
				GCC_WARN_UNUSED_VARIABLE = YES;
				IPHONEOS_DEPLOYMENT_TARGET = 10.3;
				MTL_ENABLE_DEBUG_INFO = NO;
				SDKROOT = iphoneos;
				SWIFT_OPTIMIZATION_LEVEL = "-Owholemodule";
				TARGETED_DEVICE_FAMILY = "1,2";
				VALIDATE_PRODUCT = YES;
			};
			name = Release;
		};
		5EF532941F70B149009EDA41 /* Debug */ = {
			isa = XCBuildConfiguration;
			buildSettings = {
				ASSETCATALOG_COMPILER_APPICON_NAME = AppIcon;
				INFOPLIST_FILE = StudentTableView/Info.plist;
				LD_RUNPATH_SEARCH_PATHS = "$(inherited) @executable_path/Frameworks";
				PRODUCT_BUNDLE_IDENTIFIER = vn.com.StudentTableView;
				PRODUCT_NAME = "$(TARGET_NAME)";
				SWIFT_VERSION = 3.0;
			};
			name = Debug;
		};
		5EF532951F70B149009EDA41 /* Release */ = {
			isa = XCBuildConfiguration;
			buildSettings = {
				ASSETCATALOG_COMPILER_APPICON_NAME = AppIcon;
				INFOPLIST_FILE = StudentTableView/Info.plist;
				LD_RUNPATH_SEARCH_PATHS = "$(inherited) @executable_path/Frameworks";
				PRODUCT_BUNDLE_IDENTIFIER = vn.com.StudentTableView;
				PRODUCT_NAME = "$(TARGET_NAME)";
				SWIFT_VERSION = 3.0;
			};
			name = Release;
		};
/* End XCBuildConfiguration section */

/* Begin XCConfigurationList section */
		5EF5327C1F70B149009EDA41 /* Build configuration list for PBXProject "StudentTableView" */ = {
			isa = XCConfigurationList;
			buildConfigurations = (
				5EF532911F70B149009EDA41 /* Debug */,
				5EF532921F70B149009EDA41 /* Release */,
			);
			defaultConfigurationIsVisible = 0;
			defaultConfigurationName = Release;
		};
		5EF532931F70B149009EDA41 /* Build configuration list for PBXNativeTarget "StudentTableView" */ = {
			isa = XCConfigurationList;
			buildConfigurations = (
				5EF532941F70B149009EDA41 /* Debug */,
				5EF532951F70B149009EDA41 /* Release */,
			);
			defaultConfigurationIsVisible = 0;
			defaultConfigurationName = Release;
		};
/* End XCConfigurationList section */
	};
	rootObject = 5EF532791F70B149009EDA41 /* Project object */;
}
